// !$*UTF8*$!
{
	archiveVersion = 1;
	classes = {
	};
	objectVersion = 56;
	objects = {

/* Begin PBXBuildFile section */
		928F79FD295447810049356F /* Bookwormv2App.swift in Sources */ = {isa = PBXBuildFile; fileRef = 928F79FC295447810049356F /* Bookwormv2App.swift */; };
		928F79FF295447810049356F /* ContentView.swift in Sources */ = {isa = PBXBuildFile; fileRef = 928F79FE295447810049356F /* ContentView.swift */; };
		928F7A01295447830049356F /* Assets.xcassets in Resources */ = {isa = PBXBuildFile; fileRef = 928F7A00295447830049356F /* Assets.xcassets */; };
		928F7A04295447830049356F /* Preview Assets.xcassets in Resources */ = {isa = PBXBuildFile; fileRef = 928F7A03295447830049356F /* Preview Assets.xcassets */; };
		928F7A06295447830049356F /* Persistence.swift in Sources */ = {isa = PBXBuildFile; fileRef = 928F7A05295447830049356F /* Persistence.swift */; };
		928F7A09295447830049356F /* Bookwormv2.xcdatamodeld in Sources */ = {isa = PBXBuildFile; fileRef = 928F7A07295447830049356F /* Bookwormv2.xcdatamodeld */; };
		928F7A1329545B640049356F /* BookDetailView.swift in Sources */ = {isa = PBXBuildFile; fileRef = 928F7A1229545B640049356F /* BookDetailView.swift */; };
		928F7A162954627E0049356F /* Book+PreviewProvider.swift in Sources */ = {isa = PBXBuildFile; fileRef = 928F7A152954627E0049356F /* Book+PreviewProvider.swift */; };
		928F7A18295466680049356F /* EmojiRatingView.swift in Sources */ = {isa = PBXBuildFile; fileRef = 928F7A17295466680049356F /* EmojiRatingView.swift */; };
		928F7A1A2954684B0049356F /* BookRatingView.swift in Sources */ = {isa = PBXBuildFile; fileRef = 928F7A192954684B0049356F /* BookRatingView.swift */; };
		928F7A1C29546FA60049356F /* BookAddView.swift in Sources */ = {isa = PBXBuildFile; fileRef = 928F7A1B29546FA60049356F /* BookAddView.swift */; };
		928F7A1E295475550049356F /* BookEditView.swift in Sources */ = {isa = PBXBuildFile; fileRef = 928F7A1D295475550049356F /* BookEditView.swift */; };
		928F7A202955CD550049356F /* Helper.swift in Sources */ = {isa = PBXBuildFile; fileRef = 928F7A1F2955CD550049356F /* Helper.swift */; };
/* End PBXBuildFile section */

/* Begin PBXFileReference section */
		928F79F9295447810049356F /* Bookwormv2.app */ = {isa = PBXFileReference; explicitFileType = wrapper.application; includeInIndex = 0; path = Bookwormv2.app; sourceTree = BUILT_PRODUCTS_DIR; };
		928F79FC295447810049356F /* Bookwormv2App.swift */ = {isa = PBXFileReference; lastKnownFileType = sourcecode.swift; path = Bookwormv2App.swift; sourceTree = "<group>"; };
		928F79FE295447810049356F /* ContentView.swift */ = {isa = PBXFileReference; lastKnownFileType = sourcecode.swift; path = ContentView.swift; sourceTree = "<group>"; };
		928F7A00295447830049356F /* Assets.xcassets */ = {isa = PBXFileReference; lastKnownFileType = folder.assetcatalog; path = Assets.xcassets; sourceTree = "<group>"; };
		928F7A03295447830049356F /* Preview Assets.xcassets */ = {isa = PBXFileReference; lastKnownFileType = folder.assetcatalog; path = "Preview Assets.xcassets"; sourceTree = "<group>"; };
		928F7A05295447830049356F /* Persistence.swift */ = {isa = PBXFileReference; lastKnownFileType = sourcecode.swift; path = Persistence.swift; sourceTree = "<group>"; };
		928F7A08295447830049356F /* Bookwormv2.xcdatamodel */ = {isa = PBXFileReference; lastKnownFileType = wrapper.xcdatamodel; path = Bookwormv2.xcdatamodel; sourceTree = "<group>"; };
		928F7A1229545B640049356F /* BookDetailView.swift */ = {isa = PBXFileReference; lastKnownFileType = sourcecode.swift; path = BookDetailView.swift; sourceTree = "<group>"; };
		928F7A152954627E0049356F /* Book+PreviewProvider.swift */ = {isa = PBXFileReference; lastKnownFileType = sourcecode.swift; path = "Book+PreviewProvider.swift"; sourceTree = "<group>"; };
		928F7A17295466680049356F /* EmojiRatingView.swift */ = {isa = PBXFileReference; lastKnownFileType = sourcecode.swift; path = EmojiRatingView.swift; sourceTree = "<group>"; };
		928F7A192954684B0049356F /* BookRatingView.swift */ = {isa = PBXFileReference; lastKnownFileType = sourcecode.swift; path = BookRatingView.swift; sourceTree = "<group>"; };
		928F7A1B29546FA60049356F /* BookAddView.swift */ = {isa = PBXFileReference; lastKnownFileType = sourcecode.swift; path = BookAddView.swift; sourceTree = "<group>"; };
		928F7A1D295475550049356F /* BookEditView.swift */ = {isa = PBXFileReference; lastKnownFileType = sourcecode.swift; path = BookEditView.swift; sourceTree = "<group>"; };
		928F7A1F2955CD550049356F /* Helper.swift */ = {isa = PBXFileReference; lastKnownFileType = sourcecode.swift; path = Helper.swift; sourceTree = "<group>"; };
/* End PBXFileReference section */

/* Begin PBXFrameworksBuildPhase section */
		928F79F6295447810049356F /* Frameworks */ = {
			isa = PBXFrameworksBuildPhase;
			buildActionMask = 2147483647;
			files = (
			);
			runOnlyForDeploymentPostprocessing = 0;
		};
/* End PBXFrameworksBuildPhase section */

/* Begin PBXGroup section */
		928F79F0295447810049356F = {
			isa = PBXGroup;
			children = (
				928F79FB295447810049356F /* Bookwormv2 */,
				928F79FA295447810049356F /* Products */,
			);
			sourceTree = "<group>";
		};
		928F79FA295447810049356F /* Products */ = {
			isa = PBXGroup;
			children = (
				928F79F9295447810049356F /* Bookwormv2.app */,
			);
			name = Products;
			sourceTree = "<group>";
		};
		928F79FB295447810049356F /* Bookwormv2 */ = {
			isa = PBXGroup;
			children = (
				928F79FC295447810049356F /* Bookwormv2App.swift */,
				928F7A14295462520049356F /* Model */,
				928F7A1129545AF20049356F /* Views */,
				928F7A00295447830049356F /* Assets.xcassets */,
				928F7A02295447830049356F /* Preview Content */,
			);
			path = Bookwormv2;
			sourceTree = "<group>";
		};
		928F7A02295447830049356F /* Preview Content */ = {
			isa = PBXGroup;
			children = (
				928F7A03295447830049356F /* Preview Assets.xcassets */,
			);
			path = "Preview Content";
			sourceTree = "<group>";
		};
		928F7A1129545AF20049356F /* Views */ = {
			isa = PBXGroup;
			children = (
				928F79FE295447810049356F /* ContentView.swift */,
				928F7A1D295475550049356F /* BookEditView.swift */,
				928F7A1B29546FA60049356F /* BookAddView.swift */,
				928F7A1229545B640049356F /* BookDetailView.swift */,
				928F7A192954684B0049356F /* BookRatingView.swift */,
				928F7A17295466680049356F /* EmojiRatingView.swift */,
			);
			path = Views;
			sourceTree = "<group>";
		};
		928F7A14295462520049356F /* Model */ = {
			isa = PBXGroup;
			children = (
				928F7A07295447830049356F /* Bookwormv2.xcdatamodeld */,
				928F7A05295447830049356F /* Persistence.swift */,
				928F7A152954627E0049356F /* Book+PreviewProvider.swift */,
				928F7A1F2955CD550049356F /* Helper.swift */,
			);
			path = Model;
			sourceTree = "<group>";
		};
/* End PBXGroup section */

/* Begin PBXNativeTarget section */
		928F79F8295447810049356F /* Bookwormv2 */ = {
			isa = PBXNativeTarget;
			buildConfigurationList = 928F7A0C295447830049356F /* Build configuration list for PBXNativeTarget "Bookwormv2" */;
			buildPhases = (
				928F79F5295447810049356F /* Sources */,
				928F79F6295447810049356F /* Frameworks */,
				928F79F7295447810049356F /* Resources */,
			);
			buildRules = (
			);
			dependencies = (
			);
			name = Bookwormv2;
			productName = Bookwormv2;
			productReference = 928F79F9295447810049356F /* Bookwormv2.app */;
			productType = "com.apple.product-type.application";
		};
/* End PBXNativeTarget section */

/* Begin PBXProject section */
		928F79F1295447810049356F /* Project object */ = {
			isa = PBXProject;
			attributes = {
				BuildIndependentTargetsInParallel = 1;
				LastSwiftUpdateCheck = 1420;
				LastUpgradeCheck = 1420;
				TargetAttributes = {
					928F79F8295447810049356F = {
						CreatedOnToolsVersion = 14.2;
					};
				};
			};
			buildConfigurationList = 928F79F4295447810049356F /* Build configuration list for PBXProject "Bookwormv2" */;
			compatibilityVersion = "Xcode 14.0";
			developmentRegion = en;
			hasScannedForEncodings = 0;
			knownRegions = (
				en,
				Base,
			);
			mainGroup = 928F79F0295447810049356F;
			productRefGroup = 928F79FA295447810049356F /* Products */;
			projectDirPath = "";
			projectRoot = "";
			targets = (
				928F79F8295447810049356F /* Bookwormv2 */,
			);
		};
/* End PBXProject section */

/* Begin PBXResourcesBuildPhase section */
		928F79F7295447810049356F /* Resources */ = {
			isa = PBXResourcesBuildPhase;
			buildActionMask = 2147483647;
			files = (
				928F7A04295447830049356F /* Preview Assets.xcassets in Resources */,
				928F7A01295447830049356F /* Assets.xcassets in Resources */,
			);
			runOnlyForDeploymentPostprocessing = 0;
		};
/* End PBXResourcesBuildPhase section */

/* Begin PBXSourcesBuildPhase section */
		928F79F5295447810049356F /* Sources */ = {
			isa = PBXSourcesBuildPhase;
			buildActionMask = 2147483647;
			files = (
				928F7A202955CD550049356F /* Helper.swift in Sources */,
				928F7A06295447830049356F /* Persistence.swift in Sources */,
				928F7A1C29546FA60049356F /* BookAddView.swift in Sources */,
				928F79FF295447810049356F /* ContentView.swift in Sources */,
				928F7A18295466680049356F /* EmojiRatingView.swift in Sources */,
				928F7A1A2954684B0049356F /* BookRatingView.swift in Sources */,
				928F79FD295447810049356F /* Bookwormv2App.swift in Sources */,
				928F7A1329545B640049356F /* BookDetailView.swift in Sources */,
				928F7A162954627E0049356F /* Book+PreviewProvider.swift in Sources */,
				928F7A09295447830049356F /* Bookwormv2.xcdatamodeld in Sources */,
				928F7A1E295475550049356F /* BookEditView.swift in Sources */,
			);
			runOnlyForDeploymentPostprocessing = 0;
		};
/* End PBXSourcesBuildPhase section */

/* Begin XCBuildConfiguration section */
		928F7A0A295447830049356F /* Debug */ = {
			isa = XCBuildConfiguration;
			buildSettings = {
				ALWAYS_SEARCH_USER_PATHS = NO;
				CLANG_ANALYZER_NONNULL = YES;
				CLANG_ANALYZER_NUMBER_OBJECT_CONVERSION = YES_AGGRESSIVE;
				CLANG_CXX_LANGUAGE_STANDARD = "gnu++20";
				CLANG_ENABLE_MODULES = YES;
				CLANG_ENABLE_OBJC_ARC = YES;
				CLANG_ENABLE_OBJC_WEAK = YES;
				CLANG_WARN_BLOCK_CAPTURE_AUTORELEASING = YES;
				CLANG_WARN_BOOL_CONVERSION = YES;
				CLANG_WARN_COMMA = YES;
				CLANG_WARN_CONSTANT_CONVERSION = YES;
				CLANG_WARN_DEPRECATED_OBJC_IMPLEMENTATIONS = YES;
				CLANG_WARN_DIRECT_OBJC_ISA_USAGE = YES_ERROR;
				CLANG_WARN_DOCUMENTATION_COMMENTS = YES;
				CLANG_WARN_EMPTY_BODY = YES;
				CLANG_WARN_ENUM_CONVERSION = YES;
				CLANG_WARN_INFINITE_RECURSION = YES;
				CLANG_WARN_INT_CONVERSION = YES;
				CLANG_WARN_NON_LITERAL_NULL_CONVERSION = YES;
				CLANG_WARN_OBJC_IMPLICIT_RETAIN_SELF = YES;
				CLANG_WARN_OBJC_LITERAL_CONVERSION = YES;
				CLANG_WARN_OBJC_ROOT_CLASS = YES_ERROR;
				CLANG_WARN_QUOTED_INCLUDE_IN_FRAMEWORK_HEADER = YES;
				CLANG_WARN_RANGE_LOOP_ANALYSIS = YES;
				CLANG_WARN_STRICT_PROTOTYPES = YES;
				CLANG_WARN_SUSPICIOUS_MOVE = YES;
				CLANG_WARN_UNGUARDED_AVAILABILITY = YES_AGGRESSIVE;
				CLANG_WARN_UNREACHABLE_CODE = YES;
				CLANG_WARN__DUPLICATE_METHOD_MATCH = YES;
				COPY_PHASE_STRIP = NO;
				DEBUG_INFORMATION_FORMAT = dwarf;
				ENABLE_STRICT_OBJC_MSGSEND = YES;
				ENABLE_TESTABILITY = YES;
				GCC_C_LANGUAGE_STANDARD = gnu11;
				GCC_DYNAMIC_NO_PIC = NO;
				GCC_NO_COMMON_BLOCKS = YES;
				GCC_OPTIMIZATION_LEVEL = 0;
				GCC_PREPROCESSOR_DEFINITIONS = (
					"DEBUG=1",
					"$(inherited)",
				);
				GCC_WARN_64_TO_32_BIT_CONVERSION = YES;
				GCC_WARN_ABOUT_RETURN_TYPE = YES_ERROR;
				GCC_WARN_UNDECLARED_SELECTOR = YES;
				GCC_WARN_UNINITIALIZED_AUTOS = YES_AGGRESSIVE;
				GCC_WARN_UNUSED_FUNCTION = YES;
				GCC_WARN_UNUSED_VARIABLE = YES;
				IPHONEOS_DEPLOYMENT_TARGET = 16.2;
				MTL_ENABLE_DEBUG_INFO = INCLUDE_SOURCE;
				MTL_FAST_MATH = YES;
				ONLY_ACTIVE_ARCH = YES;
				SDKROOT = iphoneos;
				SWIFT_ACTIVE_COMPILATION_CONDITIONS = DEBUG;
				SWIFT_OPTIMIZATION_LEVEL = "-Onone";
			};
			name = Debug;
		};
		928F7A0B295447830049356F /* Release */ = {
			isa = XCBuildConfiguration;
			buildSettings = {
				ALWAYS_SEARCH_USER_PATHS = NO;
				CLANG_ANALYZER_NONNULL = YES;
				CLANG_ANALYZER_NUMBER_OBJECT_CONVERSION = YES_AGGRESSIVE;
				CLANG_CXX_LANGUAGE_STANDARD = "gnu++20";
				CLANG_ENABLE_MODULES = YES;
				CLANG_ENABLE_OBJC_ARC = YES;
				CLANG_ENABLE_OBJC_WEAK = YES;
				CLANG_WARN_BLOCK_CAPTURE_AUTORELEASING = YES;
				CLANG_WARN_BOOL_CONVERSION = YES;
				CLANG_WARN_COMMA = YES;
				CLANG_WARN_CONSTANT_CONVERSION = YES;
				CLANG_WARN_DEPRECATED_OBJC_IMPLEMENTATIONS = YES;
				CLANG_WARN_DIRECT_OBJC_ISA_USAGE = YES_ERROR;
				CLANG_WARN_DOCUMENTATION_COMMENTS = YES;
				CLANG_WARN_EMPTY_BODY = YES;
				CLANG_WARN_ENUM_CONVERSION = YES;
				CLANG_WARN_INFINITE_RECURSION = YES;
				CLANG_WARN_INT_CONVERSION = YES;
				CLANG_WARN_NON_LITERAL_NULL_CONVERSION = YES;
				CLANG_WARN_OBJC_IMPLICIT_RETAIN_SELF = YES;
				CLANG_WARN_OBJC_LITERAL_CONVERSION = YES;
				CLANG_WARN_OBJC_ROOT_CLASS = YES_ERROR;
				CLANG_WARN_QUOTED_INCLUDE_IN_FRAMEWORK_HEADER = YES;
				CLANG_WARN_RANGE_LOOP_ANALYSIS = YES;
				CLANG_WARN_STRICT_PROTOTYPES = YES;
				CLANG_WARN_SUSPICIOUS_MOVE = YES;
				CLANG_WARN_UNGUARDED_AVAILABILITY = YES_AGGRESSIVE;
				CLANG_WARN_UNREACHABLE_CODE = YES;
				CLANG_WARN__DUPLICATE_METHOD_MATCH = YES;
				COPY_PHASE_STRIP = NO;
				DEBUG_INFORMATION_FORMAT = "dwarf-with-dsym";
				ENABLE_NS_ASSERTIONS = NO;
				ENABLE_STRICT_OBJC_MSGSEND = YES;
				GCC_C_LANGUAGE_STANDARD = gnu11;
				GCC_NO_COMMON_BLOCKS = YES;
				GCC_WARN_64_TO_32_BIT_CONVERSION = YES;
				GCC_WARN_ABOUT_RETURN_TYPE = YES_ERROR;
				GCC_WARN_UNDECLARED_SELECTOR = YES;
				GCC_WARN_UNINITIALIZED_AUTOS = YES_AGGRESSIVE;
				GCC_WARN_UNUSED_FUNCTION = YES;
				GCC_WARN_UNUSED_VARIABLE = YES;
				IPHONEOS_DEPLOYMENT_TARGET = 16.2;
				MTL_ENABLE_DEBUG_INFO = NO;
				MTL_FAST_MATH = YES;
				SDKROOT = iphoneos;
				SWIFT_COMPILATION_MODE = wholemodule;
				SWIFT_OPTIMIZATION_LEVEL = "-O";
				VALIDATE_PRODUCT = YES;
			};
			name = Release;
		};
		928F7A0D295447830049356F /* Debug */ = {
			isa = XCBuildConfiguration;
			buildSettings = {
				ASSETCATALOG_COMPILER_APPICON_NAME = AppIcon;
				ASSETCATALOG_COMPILER_GLOBAL_ACCENT_COLOR_NAME = AccentColor;
				CODE_SIGN_STYLE = Automatic;
				CURRENT_PROJECT_VERSION = 1;
				DEVELOPMENT_ASSET_PATHS = "\"Bookwormv2/Preview Content\"";
				DEVELOPMENT_TEAM = V42DTSJ439;
				ENABLE_PREVIEWS = YES;
				GENERATE_INFOPLIST_FILE = YES;
				INFOPLIST_KEY_UIApplicationSceneManifest_Generation = YES;
				INFOPLIST_KEY_UIApplicationSupportsIndirectInputEvents = YES;
				INFOPLIST_KEY_UILaunchScreen_Generation = YES;
				INFOPLIST_KEY_UISupportedInterfaceOrientations_iPad = "UIInterfaceOrientationPortrait UIInterfaceOrientationPortraitUpsideDown UIInterfaceOrientationLandscapeLeft UIInterfaceOrientationLandscapeRight";
				INFOPLIST_KEY_UISupportedInterfaceOrientations_iPhone = "UIInterfaceOrientationPortrait UIInterfaceOrientationLandscapeLeft UIInterfaceOrientationLandscapeRight";
				LD_RUNPATH_SEARCH_PATHS = (
					"$(inherited)",
					"@executable_path/Frameworks",
				);
				MARKETING_VERSION = 1.0;
				PRODUCT_BUNDLE_IDENTIFIER = com.BusyDad.Bookwormv2;
				PRODUCT_NAME = "$(TARGET_NAME)";
				SWIFT_EMIT_LOC_STRINGS = YES;
				SWIFT_VERSION = 5.0;
				TARGETED_DEVICE_FAMILY = "1,2";
			};
			name = Debug;
		};
		928F7A0E295447830049356F /* Release */ = {
			isa = XCBuildConfiguration;
			buildSettings = {
				ASSETCATALOG_COMPILER_APPICON_NAME = AppIcon;
				ASSETCATALOG_COMPILER_GLOBAL_ACCENT_COLOR_NAME = AccentColor;
				CODE_SIGN_STYLE = Automatic;
				CURRENT_PROJECT_VERSION = 1;
				DEVELOPMENT_ASSET_PATHS = "\"Bookwormv2/Preview Content\"";
				DEVELOPMENT_TEAM = V42DTSJ439;
				ENABLE_PREVIEWS = YES;
				GENERATE_INFOPLIST_FILE = YES;
				INFOPLIST_KEY_UIApplicationSceneManifest_Generation = YES;
				INFOPLIST_KEY_UIApplicationSupportsIndirectInputEvents = YES;
				INFOPLIST_KEY_UILaunchScreen_Generation = YES;
				INFOPLIST_KEY_UISupportedInterfaceOrientations_iPad = "UIInterfaceOrientationPortrait UIInterfaceOrientationPortraitUpsideDown UIInterfaceOrientationLandscapeLeft UIInterfaceOrientationLandscapeRight";
				INFOPLIST_KEY_UISupportedInterfaceOrientations_iPhone = "UIInterfaceOrientationPortrait UIInterfaceOrientationLandscapeLeft UIInterfaceOrientationLandscapeRight";
				LD_RUNPATH_SEARCH_PATHS = (
					"$(inherited)",
					"@executable_path/Frameworks",
				);
				MARKETING_VERSION = 1.0;
				PRODUCT_BUNDLE_IDENTIFIER = com.BusyDad.Bookwormv2;
				PRODUCT_NAME = "$(TARGET_NAME)";
				SWIFT_EMIT_LOC_STRINGS = YES;
				SWIFT_VERSION = 5.0;
				TARGETED_DEVICE_FAMILY = "1,2";
			};
			name = Release;
		};
/* End XCBuildConfiguration section */

/* Begin XCConfigurationList section */
		928F79F4295447810049356F /* Build configuration list for PBXProject "Bookwormv2" */ = {
			isa = XCConfigurationList;
			buildConfigurations = (
				928F7A0A295447830049356F /* Debug */,
				928F7A0B295447830049356F /* Release */,
			);
			defaultConfigurationIsVisible = 0;
			defaultConfigurationName = Release;
		};
		928F7A0C295447830049356F /* Build configuration list for PBXNativeTarget "Bookwormv2" */ = {
			isa = XCConfigurationList;
			buildConfigurations = (
				928F7A0D295447830049356F /* Debug */,
				928F7A0E295447830049356F /* Release */,
			);
			defaultConfigurationIsVisible = 0;
			defaultConfigurationName = Release;
		};
/* End XCConfigurationList section */

/* Begin XCVersionGroup section */
		928F7A07295447830049356F /* Bookwormv2.xcdatamodeld */ = {
			isa = XCVersionGroup;
			children = (
				928F7A08295447830049356F /* Bookwormv2.xcdatamodel */,
			);
			currentVersion = 928F7A08295447830049356F /* Bookwormv2.xcdatamodel */;
			path = Bookwormv2.xcdatamodeld;
			sourceTree = "<group>";
			versionGroupType = wrapper.xcdatamodel;
		};
/* End XCVersionGroup section */
	};
	rootObject = 928F79F1295447810049356F /* Project object */;
}
